
Microsoft Visual Studio Solution File, Format Version 12.00
# Visual Studio Version 16
VisualStudioVersion = 16.0.29613.14
MinimumVisualStudioVersion = 10.0.40219.1
Project("{9A19103F-16F7-4668-BE54-9A1E7A4F7556}") = "Project.Service", "Project.Service\Project.Service.csproj", "{F108404C-780F-4C1A-BA47-C30C3C12780D}"
EndProject
Project("{9A19103F-16F7-4668-BE54-9A1E7A4F7556}") = "Project.Model", "Project.Model\Project.Model.csproj", "{0FB90E42-B1E6-489F-A3F2-7C50FBB44401}"
EndProject
Project("{9A19103F-16F7-4668-BE54-9A1E7A4F7556}") = "IRepository", "IRepository\IRepository.csproj", "{45498649-7036-459C-A0D2-11E321737601}"
EndProject
Project("{9A19103F-16F7-4668-BE54-9A1E7A4F7556}") = "Repository", "Repository\Repository.csproj", "{104C3A50-8000-4EEB-94B4-D391A5729F5A}"
EndProject
Project("{9A19103F-16F7-4668-BE54-9A1E7A4F7556}") = "Project.Common", "Project.Common\Project.Common.csproj", "{38E95BFC-6F80-4BED-B4F0-81CFBE561C13}"
EndProject
Project("{9A19103F-16F7-4668-BE54-9A1E7A4F7556}") = "Project.Core.Main", "Project.Core.Main\Project.Core.Main.csproj", "{BE941F56-DAED-4B5F-AA48-0AE3601A66E4}"
EndProject
Project("{9A19103F-16F7-4668-BE54-9A1E7A4F7556}") = "Project.IService", "Project.IService\Project.IService.csproj", "{8ECD6B32-F07F-4F3E-BD16-C716250C23D9}"
EndProject
Global
	GlobalSection(SolutionConfigurationPlatforms) = preSolution
		Debug|Any CPU = Debug|Any CPU
		Release|Any CPU = Release|Any CPU
	EndGlobalSection
	GlobalSection(ProjectConfigurationPlatforms) = postSolution
		{F108404C-780F-4C1A-BA47-C30C3C12780D}.Debug|Any CPU.ActiveCfg = Debug|Any CPU
		{F108404C-780F-4C1A-BA47-C30C3C12780D}.Debug|Any CPU.Build.0 = Debug|Any CPU
		{F108404C-780F-4C1A-BA47-C30C3C12780D}.Release|Any CPU.ActiveCfg = Release|Any CPU
		{F108404C-780F-4C1A-BA47-C30C3C12780D}.Release|Any CPU.Build.0 = Release|Any CPU
		{0FB90E42-B1E6-489F-A3F2-7C50FBB44401}.Debug|Any CPU.ActiveCfg = Debug|Any CPU
		{0FB90E42-B1E6-489F-A3F2-7C50FBB44401}.Debug|Any CPU.Build.0 = Debug|Any CPU
		{0FB90E42-B1E6-489F-A3F2-7C50FBB44401}.Release|Any CPU.ActiveCfg = Release|Any CPU
		{0FB90E42-B1E6-489F-A3F2-7C50FBB44401}.Release|Any CPU.Build.0 = Release|Any CPU
		{45498649-7036-459C-A0D2-11E321737601}.Debug|Any CPU.ActiveCfg = Debug|Any CPU
		{45498649-7036-459C-A0D2-11E321737601}.Debug|Any CPU.Build.0 = Debug|Any CPU
		{45498649-7036-459C-A0D2-11E321737601}.Release|Any CPU.ActiveCfg = Release|Any CPU
		{45498649-7036-459C-A0D2-11E321737601}.Release|Any CPU.Build.0 = Release|Any CPU
		{104C3A50-8000-4EEB-94B4-D391A5729F5A}.Debug|Any CPU.ActiveCfg = Debug|Any CPU
		{104C3A50-8000-4EEB-94B4-D391A5729F5A}.Debug|Any CPU.Build.0 = Debug|Any CPU
		{104C3A50-8000-4EEB-94B4-D391A5729F5A}.Release|Any CPU.ActiveCfg = Release|Any CPU
		{104C3A50-8000-4EEB-94B4-D391A5729F5A}.Release|Any CPU.Build.0 = Release|Any CPU
		{38E95BFC-6F80-4BED-B4F0-81CFBE561C13}.Debug|Any CPU.ActiveCfg = Debug|Any CPU
		{38E95BFC-6F80-4BED-B4F0-81CFBE561C13}.Debug|Any CPU.Build.0 = Debug|Any CPU
		{38E95BFC-6F80-4BED-B4F0-81CFBE561C13}.Release|Any CPU.ActiveCfg = Release|Any CPU
		{38E95BFC-6F80-4BED-B4F0-81CFBE561C13}.Release|Any CPU.Build.0 = Release|Any CPU
		{BE941F56-DAED-4B5F-AA48-0AE3601A66E4}.Debug|Any CPU.ActiveCfg = Debug|Any CPU
		{BE941F56-DAED-4B5F-AA48-0AE3601A66E4}.Debug|Any CPU.Build.0 = Debug|Any CPU
		{BE941F56-DAED-4B5F-AA48-0AE3601A66E4}.Release|Any CPU.ActiveCfg = Release|Any CPU
		{BE941F56-DAED-4B5F-AA48-0AE3601A66E4}.Release|Any CPU.Build.0 = Release|Any CPU
		{8ECD6B32-F07F-4F3E-BD16-C716250C23D9}.Debug|Any CPU.ActiveCfg = Debug|Any CPU
		{8ECD6B32-F07F-4F3E-BD16-C716250C23D9}.Debug|Any CPU.Build.0 = Debug|Any CPU
		{8ECD6B32-F07F-4F3E-BD16-C716250C23D9}.Release|Any CPU.ActiveCfg = Release|Any CPU
		{8ECD6B32-F07F-4F3E-BD16-C716250C23D9}.Release|Any CPU.Build.0 = Release|Any CPU
	EndGlobalSection
	GlobalSection(SolutionProperties) = preSolution
		HideSolutionNode = FALSE
	EndGlobalSection
	GlobalSection(ExtensibilityGlobals) = postSolution
		SolutionGuid = {6AC6F6E8-205E-4245-AC96-211C82C297C5}
	EndGlobalSection
EndGlobal
